
Microsoft Visual Studio Solution File, Format Version 12.00
# Visual Studio Version 17
VisualStudioVersion = 17.5.33530.505
MinimumVisualStudioVersion = 10.0.40219.1
Project("{8BC9CEB8-8B4A-11D0-8D11-00A0C91BC942}") = "20230501_7", "20230501_7.vcxproj", "{F65574EF-B957-48AD-B5E8-FE40E515A58F}"
EndProject
Global
	GlobalSection(SolutionConfigurationPlatforms) = preSolution
		Debug|x64 = Debug|x64
		Debug|x86 = Debug|x86
		Release|x64 = Release|x64
		Release|x86 = Release|x86
	EndGlobalSection
	GlobalSection(ProjectConfigurationPlatforms) = postSolution
		{F65574EF-B957-48AD-B5E8-FE40E515A58F}.Debug|x64.ActiveCfg = Debug|x64
		{F65574EF-B957-48AD-B5E8-FE40E515A58F}.Debug|x64.Build.0 = Debug|x64
		{F65574EF-B957-48AD-B5E8-FE40E515A58F}.Debug|x86.ActiveCfg = Debug|Win32
		{F65574EF-B957-48AD-B5E8-FE40E515A58F}.Debug|x86.Build.0 = Debug|Win32
		{F65574EF-B957-48AD-B5E8-FE40E515A58F}.Release|x64.ActiveCfg = Release|x64
		{F65574EF-B957-48AD-B5E8-FE40E515A58F}.Release|x64.Build.0 = Release|x64
		{F65574EF-B957-48AD-B5E8-FE40E515A58F}.Release|x86.ActiveCfg = Release|Win32
		{F65574EF-B957-48AD-B5E8-FE40E515A58F}.Release|x86.Build.0 = Release|Win32
	EndGlobalSection
	GlobalSection(SolutionProperties) = preSolution
		HideSolutionNode = FALSE
	EndGlobalSection
	GlobalSection(ExtensibilityGlobals) = postSolution
		SolutionGuid = {1AC0D8C4-D687-4A2C-BF28-8A8F3C6AB71C}
	EndGlobalSection
EndGlobal
