
Microsoft Visual Studio Solution File, Format Version 12.00
# Visual Studio Version 17
VisualStudioVersion = 17.5.33516.290
MinimumVisualStudioVersion = 10.0.40219.1
Project("{8BC9CEB8-8B4A-11D0-8D11-00A0C91BC942}") = "20230410_4", "20230410_4\20230410_4.vcxproj", "{11FA94A0-4642-4C62-BE5E-9F0EDE14EDDB}"
EndProject
Global
	GlobalSection(SolutionConfigurationPlatforms) = preSolution
		Debug|x64 = Debug|x64
		Debug|x86 = Debug|x86
		Release|x64 = Release|x64
		Release|x86 = Release|x86
	EndGlobalSection
	GlobalSection(ProjectConfigurationPlatforms) = postSolution
		{11FA94A0-4642-4C62-BE5E-9F0EDE14EDDB}.Debug|x64.ActiveCfg = Debug|x64
		{11FA94A0-4642-4C62-BE5E-9F0EDE14EDDB}.Debug|x64.Build.0 = Debug|x64
		{11FA94A0-4642-4C62-BE5E-9F0EDE14EDDB}.Debug|x86.ActiveCfg = Debug|Win32
		{11FA94A0-4642-4C62-BE5E-9F0EDE14EDDB}.Debug|x86.Build.0 = Debug|Win32
		{11FA94A0-4642-4C62-BE5E-9F0EDE14EDDB}.Release|x64.ActiveCfg = Release|x64
		{11FA94A0-4642-4C62-BE5E-9F0EDE14EDDB}.Release|x64.Build.0 = Release|x64
		{11FA94A0-4642-4C62-BE5E-9F0EDE14EDDB}.Release|x86.ActiveCfg = Release|Win32
		{11FA94A0-4642-4C62-BE5E-9F0EDE14EDDB}.Release|x86.Build.0 = Release|Win32
	EndGlobalSection
	GlobalSection(SolutionProperties) = preSolution
		HideSolutionNode = FALSE
	EndGlobalSection
	GlobalSection(ExtensibilityGlobals) = postSolution
		SolutionGuid = {4027C217-AFFC-4187-9994-AC03F9588F0C}
	EndGlobalSection
EndGlobal
