
Microsoft Visual Studio Solution File, Format Version 12.00
# Visual Studio Version 17
VisualStudioVersion = 17.5.33424.131
MinimumVisualStudioVersion = 10.0.40219.1
Project("{8BC9CEB8-8B4A-11D0-8D11-00A0C91BC942}") = "20230329_4", "20230329_4.vcxproj", "{E976A6FB-395D-4340-8955-080D21AC845E}"
EndProject
Global
	GlobalSection(SolutionConfigurationPlatforms) = preSolution
		Debug|x64 = Debug|x64
		Debug|x86 = Debug|x86
		Release|x64 = Release|x64
		Release|x86 = Release|x86
	EndGlobalSection
	GlobalSection(ProjectConfigurationPlatforms) = postSolution
		{E976A6FB-395D-4340-8955-080D21AC845E}.Debug|x64.ActiveCfg = Debug|x64
		{E976A6FB-395D-4340-8955-080D21AC845E}.Debug|x64.Build.0 = Debug|x64
		{E976A6FB-395D-4340-8955-080D21AC845E}.Debug|x86.ActiveCfg = Debug|Win32
		{E976A6FB-395D-4340-8955-080D21AC845E}.Debug|x86.Build.0 = Debug|Win32
		{E976A6FB-395D-4340-8955-080D21AC845E}.Release|x64.ActiveCfg = Release|x64
		{E976A6FB-395D-4340-8955-080D21AC845E}.Release|x64.Build.0 = Release|x64
		{E976A6FB-395D-4340-8955-080D21AC845E}.Release|x86.ActiveCfg = Release|Win32
		{E976A6FB-395D-4340-8955-080D21AC845E}.Release|x86.Build.0 = Release|Win32
	EndGlobalSection
	GlobalSection(SolutionProperties) = preSolution
		HideSolutionNode = FALSE
	EndGlobalSection
	GlobalSection(ExtensibilityGlobals) = postSolution
		SolutionGuid = {33802A06-FA3D-4E4B-8B20-D0738CE8C548}
	EndGlobalSection
EndGlobal
