
Microsoft Visual Studio Solution File, Format Version 12.00
# Visual Studio Version 17
VisualStudioVersion = 17.4.33403.182
MinimumVisualStudioVersion = 10.0.40219.1
Project("{8BC9CEB8-8B4A-11D0-8D11-00A0C91BC942}") = "난수 제조", "난수 제조.vcxproj", "{58B86DEF-F68E-42ED-B32F-1A44BF148914}"
EndProject
Global
	GlobalSection(SolutionConfigurationPlatforms) = preSolution
		Debug|x64 = Debug|x64
		Debug|x86 = Debug|x86
		Release|x64 = Release|x64
		Release|x86 = Release|x86
	EndGlobalSection
	GlobalSection(ProjectConfigurationPlatforms) = postSolution
		{58B86DEF-F68E-42ED-B32F-1A44BF148914}.Debug|x64.ActiveCfg = Debug|x64
		{58B86DEF-F68E-42ED-B32F-1A44BF148914}.Debug|x64.Build.0 = Debug|x64
		{58B86DEF-F68E-42ED-B32F-1A44BF148914}.Debug|x86.ActiveCfg = Debug|Win32
		{58B86DEF-F68E-42ED-B32F-1A44BF148914}.Debug|x86.Build.0 = Debug|Win32
		{58B86DEF-F68E-42ED-B32F-1A44BF148914}.Release|x64.ActiveCfg = Release|x64
		{58B86DEF-F68E-42ED-B32F-1A44BF148914}.Release|x64.Build.0 = Release|x64
		{58B86DEF-F68E-42ED-B32F-1A44BF148914}.Release|x86.ActiveCfg = Release|Win32
		{58B86DEF-F68E-42ED-B32F-1A44BF148914}.Release|x86.Build.0 = Release|Win32
	EndGlobalSection
	GlobalSection(SolutionProperties) = preSolution
		HideSolutionNode = FALSE
	EndGlobalSection
	GlobalSection(ExtensibilityGlobals) = postSolution
		SolutionGuid = {E14B29AA-DAFE-4E06-8712-0D31E98DC1B2}
	EndGlobalSection
EndGlobal
