
Microsoft Visual Studio Solution File, Format Version 12.00
# Visual Studio Version 17
VisualStudioVersion = 17.5.33530.505
MinimumVisualStudioVersion = 10.0.40219.1
Project("{8BC9CEB8-8B4A-11D0-8D11-00A0C91BC942}") = "20230501_21", "20230501_21.vcxproj", "{644CC8D1-4C17-42BB-8C36-AA5381F95698}"
EndProject
Global
	GlobalSection(SolutionConfigurationPlatforms) = preSolution
		Debug|x64 = Debug|x64
		Debug|x86 = Debug|x86
		Release|x64 = Release|x64
		Release|x86 = Release|x86
	EndGlobalSection
	GlobalSection(ProjectConfigurationPlatforms) = postSolution
		{644CC8D1-4C17-42BB-8C36-AA5381F95698}.Debug|x64.ActiveCfg = Debug|x64
		{644CC8D1-4C17-42BB-8C36-AA5381F95698}.Debug|x64.Build.0 = Debug|x64
		{644CC8D1-4C17-42BB-8C36-AA5381F95698}.Debug|x86.ActiveCfg = Debug|Win32
		{644CC8D1-4C17-42BB-8C36-AA5381F95698}.Debug|x86.Build.0 = Debug|Win32
		{644CC8D1-4C17-42BB-8C36-AA5381F95698}.Release|x64.ActiveCfg = Release|x64
		{644CC8D1-4C17-42BB-8C36-AA5381F95698}.Release|x64.Build.0 = Release|x64
		{644CC8D1-4C17-42BB-8C36-AA5381F95698}.Release|x86.ActiveCfg = Release|Win32
		{644CC8D1-4C17-42BB-8C36-AA5381F95698}.Release|x86.Build.0 = Release|Win32
	EndGlobalSection
	GlobalSection(SolutionProperties) = preSolution
		HideSolutionNode = FALSE
	EndGlobalSection
	GlobalSection(ExtensibilityGlobals) = postSolution
		SolutionGuid = {FB2B9479-DF99-498F-847F-E79D7F885141}
	EndGlobalSection
EndGlobal
